
Microsoft Visual Studio Solution File, Format Version 12.00
# Visual Studio Version 16
VisualStudioVersion = 16.0.29926.136
MinimumVisualStudioVersion = 10.0.40219.1
Project("{FAE04EC0-301F-11D3-BF4B-00C04F79EFBC}") = "Rest", "Rest.csproj", "{0123F32D-BEB3-4431-898D-BEDD4F63938E}"
EndProject
Global
	GlobalSection(SolutionConfigurationPlatforms) = preSolution
		Debug|Any CPU = Debug|Any CPU
		Release|Any CPU = Release|Any CPU
	EndGlobalSection
	GlobalSection(ProjectConfigurationPlatforms) = postSolution
		{0123F32D-BEB3-4431-898D-BEDD4F63938E}.Debug|Any CPU.ActiveCfg = Debug|Any CPU
		{0123F32D-BEB3-4431-898D-BEDD4F63938E}.Debug|Any CPU.Build.0 = Debug|Any CPU
		{0123F32D-BEB3-4431-898D-BEDD4F63938E}.Release|Any CPU.ActiveCfg = Release|Any CPU
		{0123F32D-BEB3-4431-898D-BEDD4F63938E}.Release|Any CPU.Build.0 = Release|Any CPU
	EndGlobalSection
	GlobalSection(SolutionProperties) = preSolution
		HideSolutionNode = FALSE
	EndGlobalSection
	GlobalSection(ExtensibilityGlobals) = postSolution
		SolutionGuid = {7FB72B5C-E07F-463D-A2E3-7AF1F194381A}
	EndGlobalSection
EndGlobal
